
Microsoft Visual Studio Solution File, Format Version 12.00
# Visual Studio Version 16
VisualStudioVersion = 16.0.30413.136
MinimumVisualStudioVersion = 10.0.40219.1
Project("{FAE04EC0-301F-11D3-BF4B-00C04F79EFBC}") = "APISecureStudent", "APISecureStudent\APISecureStudent.csproj", "{0B46E714-B4ED-4A5E-AA7C-3E7ED70E4A6B}"
EndProject
Global
	GlobalSection(SolutionConfigurationPlatforms) = preSolution
		Debug|Any CPU = Debug|Any CPU
		Release|Any CPU = Release|Any CPU
	EndGlobalSection
	GlobalSection(ProjectConfigurationPlatforms) = postSolution
		{0B46E714-B4ED-4A5E-AA7C-3E7ED70E4A6B}.Debug|Any CPU.ActiveCfg = Debug|Any CPU
		{0B46E714-B4ED-4A5E-AA7C-3E7ED70E4A6B}.Debug|Any CPU.Build.0 = Debug|Any CPU
		{0B46E714-B4ED-4A5E-AA7C-3E7ED70E4A6B}.Release|Any CPU.ActiveCfg = Release|Any CPU
		{0B46E714-B4ED-4A5E-AA7C-3E7ED70E4A6B}.Release|Any CPU.Build.0 = Release|Any CPU
	EndGlobalSection
	GlobalSection(SolutionProperties) = preSolution
		HideSolutionNode = FALSE
	EndGlobalSection
	GlobalSection(ExtensibilityGlobals) = postSolution
		SolutionGuid = {FB2B6A6D-32DA-45F5-B327-FB161B705511}
	EndGlobalSection
EndGlobal
